
Microsoft Visual Studio Solution File, Format Version 12.00
# Visual Studio Version 17
VisualStudioVersion = 17.4.33110.190
MinimumVisualStudioVersion = 10.0.40219.1
Project("{2150E333-8FDC-42A3-9474-1A3956D46DE8}") = "src", "src", "{E56F6CC9-7F62-464A-8C53-AAD1E7E7D302}"
EndProject
Project("{9A19103F-16F7-4668-BE54-9A1E7A4F7556}") = "MiniUrl.Web", "src\MiniUrl.Web\MiniUrl.Web.csproj", "{3F8B7C3A-3001-4257-8AA1-FBB89AA5A65E}"
EndProject
Project("{FAE04EC0-301F-11D3-BF4B-00C04F79EFBC}") = "MiniUrl.ApplicationCore", "src\MiniUrl.ApplicationCore\MiniUrl.ApplicationCore.csproj", "{9FA7DC6F-3059-4C2E-8262-7E06553A2649}"
EndProject
Global
	GlobalSection(SolutionConfigurationPlatforms) = preSolution
		Debug|Any CPU = Debug|Any CPU
		Release|Any CPU = Release|Any CPU
	EndGlobalSection
	GlobalSection(ProjectConfigurationPlatforms) = postSolution
		{3F8B7C3A-3001-4257-8AA1-FBB89AA5A65E}.Debug|Any CPU.ActiveCfg = Debug|Any CPU
		{3F8B7C3A-3001-4257-8AA1-FBB89AA5A65E}.Debug|Any CPU.Build.0 = Debug|Any CPU
		{3F8B7C3A-3001-4257-8AA1-FBB89AA5A65E}.Release|Any CPU.ActiveCfg = Release|Any CPU
		{3F8B7C3A-3001-4257-8AA1-FBB89AA5A65E}.Release|Any CPU.Build.0 = Release|Any CPU
		{9FA7DC6F-3059-4C2E-8262-7E06553A2649}.Debug|Any CPU.ActiveCfg = Debug|Any CPU
		{9FA7DC6F-3059-4C2E-8262-7E06553A2649}.Debug|Any CPU.Build.0 = Debug|Any CPU
		{9FA7DC6F-3059-4C2E-8262-7E06553A2649}.Release|Any CPU.ActiveCfg = Release|Any CPU
		{9FA7DC6F-3059-4C2E-8262-7E06553A2649}.Release|Any CPU.Build.0 = Release|Any CPU
	EndGlobalSection
	GlobalSection(SolutionProperties) = preSolution
		HideSolutionNode = FALSE
	EndGlobalSection
	GlobalSection(NestedProjects) = preSolution
		{3F8B7C3A-3001-4257-8AA1-FBB89AA5A65E} = {E56F6CC9-7F62-464A-8C53-AAD1E7E7D302}
		{9FA7DC6F-3059-4C2E-8262-7E06553A2649} = {E56F6CC9-7F62-464A-8C53-AAD1E7E7D302}
	EndGlobalSection
	GlobalSection(ExtensibilityGlobals) = postSolution
		SolutionGuid = {E7F26420-D13A-4041-9BDF-9983A1BDFC46}
	EndGlobalSection
EndGlobal
